
Microsoft Visual Studio Solution File, Format Version 12.00
# Visual Studio Version 16
VisualStudioVersion = 16.0.29926.136
MinimumVisualStudioVersion = 10.0.40219.1
Project("{2150E333-8FDC-42A3-9474-1A3956D46DE8}") = "Desafio.Aplicacao", "Desafio.Aplicacao", "{7E5E402E-8FD7-4AAC-B462-3A79D091312A}"
EndProject
Project("{2150E333-8FDC-42A3-9474-1A3956D46DE8}") = "Desafio.Apresentacao", "Desafio.Apresentacao", "{7190E356-7F9E-4A4B-9C5E-9A8373D0DBC5}"
EndProject
Project("{2150E333-8FDC-42A3-9474-1A3956D46DE8}") = "Desafio.Infraestrutura", "Desafio.Infraestrutura", "{09689A7A-7298-4DA6-AD91-E86D859D8AD5}"
EndProject
Project("{2150E333-8FDC-42A3-9474-1A3956D46DE8}") = "Desafio.Teste", "Desafio.Teste", "{44297C3D-D2D5-4D8C-A4A1-AF2081800537}"
EndProject
Project("{2150E333-8FDC-42A3-9474-1A3956D46DE8}") = "Desafio.Infraestrutura.Dados", "Desafio.Infraestrutura.Dados", "{A48F686C-3F83-4BEA-BA08-C43E223D671F}"
EndProject
Project("{2150E333-8FDC-42A3-9474-1A3956D46DE8}") = "Desafio.Dominio", "Desafio.Dominio", "{93CD46E2-853E-4DB3-AD8C-F27E0CD7C3BE}"
EndProject
Global
	GlobalSection(SolutionProperties) = preSolution
		HideSolutionNode = FALSE
	EndGlobalSection
	GlobalSection(NestedProjects) = preSolution
		{A48F686C-3F83-4BEA-BA08-C43E223D671F} = {09689A7A-7298-4DA6-AD91-E86D859D8AD5}
	EndGlobalSection
	GlobalSection(ExtensibilityGlobals) = postSolution
		SolutionGuid = {54A26436-7D58-4B84-96F2-E2F5C9A854CF}
	EndGlobalSection
EndGlobal
